// !$*UTF8*$!
{
	archiveVersion = 1;
	classes = {
	};
	objectVersion = 50;
	objects = {

/* Begin PBXBuildFile section */
		581B29942852300400DFFFD8 /* AppDelegate.swift in Sources */ = {isa = PBXBuildFile; fileRef = 581B29932852300400DFFFD8 /* AppDelegate.swift */; };
		581B29962852300400DFFFD8 /* GameScene.sks in Resources */ = {isa = PBXBuildFile; fileRef = 581B29952852300400DFFFD8 /* GameScene.sks */; };
		581B29982852300400DFFFD8 /* Actions.sks in Resources */ = {isa = PBXBuildFile; fileRef = 581B29972852300400DFFFD8 /* Actions.sks */; };
		581B299A2852300400DFFFD8 /* GameScene.swift in Sources */ = {isa = PBXBuildFile; fileRef = 581B29992852300400DFFFD8 /* GameScene.swift */; };
		581B299C2852300400DFFFD8 /* GameViewController.swift in Sources */ = {isa = PBXBuildFile; fileRef = 581B299B2852300400DFFFD8 /* GameViewController.swift */; };
		581B299F2852300400DFFFD8 /* Main.storyboard in Resources */ = {isa = PBXBuildFile; fileRef = 581B299D2852300400DFFFD8 /* Main.storyboard */; };
		581B29A12852301000DFFFD8 /* Assets.xcassets in Resources */ = {isa = PBXBuildFile; fileRef = 581B29A02852301000DFFFD8 /* Assets.xcassets */; };
		581B29AC2852301000DFFFD8 /* GameTwoTests.swift in Sources */ = {isa = PBXBuildFile; fileRef = 581B29AB2852301000DFFFD8 /* GameTwoTests.swift */; };
		581B29B72852301000DFFFD8 /* GameTwoUITests.swift in Sources */ = {isa = PBXBuildFile; fileRef = 581B29B62852301000DFFFD8 /* GameTwoUITests.swift */; };
/* End PBXBuildFile section */

/* Begin PBXContainerItemProxy section */
		581B29A82852301000DFFFD8 /* PBXContainerItemProxy */ = {
			isa = PBXContainerItemProxy;
			containerPortal = 581B29882852300400DFFFD8 /* Project object */;
			proxyType = 1;
			remoteGlobalIDString = 581B298F2852300400DFFFD8;
			remoteInfo = GameTwo;
		};
		581B29B32852301000DFFFD8 /* PBXContainerItemProxy */ = {
			isa = PBXContainerItemProxy;
			containerPortal = 581B29882852300400DFFFD8 /* Project object */;
			proxyType = 1;
			remoteGlobalIDString = 581B298F2852300400DFFFD8;
			remoteInfo = GameTwo;
		};
/* End PBXContainerItemProxy section */

/* Begin PBXFileReference section */
		581B29902852300400DFFFD8 /* GameTwo.app */ = {isa = PBXFileReference; explicitFileType = wrapper.application; includeInIndex = 0; path = GameTwo.app; sourceTree = BUILT_PRODUCTS_DIR; };
		581B29932852300400DFFFD8 /* AppDelegate.swift */ = {isa = PBXFileReference; lastKnownFileType = sourcecode.swift; path = AppDelegate.swift; sourceTree = "<group>"; };
		581B29952852300400DFFFD8 /* GameScene.sks */ = {isa = PBXFileReference; lastKnownFileType = file.sks; path = GameScene.sks; sourceTree = "<group>"; };
		581B29972852300400DFFFD8 /* Actions.sks */ = {isa = PBXFileReference; lastKnownFileType = file.sks; path = Actions.sks; sourceTree = "<group>"; };
		581B29992852300400DFFFD8 /* GameScene.swift */ = {isa = PBXFileReference; lastKnownFileType = sourcecode.swift; path = GameScene.swift; sourceTree = "<group>"; };
		581B299B2852300400DFFFD8 /* GameViewController.swift */ = {isa = PBXFileReference; lastKnownFileType = sourcecode.swift; path = GameViewController.swift; sourceTree = "<group>"; };
		581B299E2852300400DFFFD8 /* Base */ = {isa = PBXFileReference; lastKnownFileType = file.storyboard; name = Base; path = Base.lproj/Main.storyboard; sourceTree = "<group>"; };
		581B29A02852301000DFFFD8 /* Assets.xcassets */ = {isa = PBXFileReference; lastKnownFileType = folder.assetcatalog; path = Assets.xcassets; sourceTree = "<group>"; };
		581B29A22852301000DFFFD8 /* Info.plist */ = {isa = PBXFileReference; lastKnownFileType = text.plist.xml; path = Info.plist; sourceTree = "<group>"; };
		581B29A72852301000DFFFD8 /* GameTwoTests.xctest */ = {isa = PBXFileReference; explicitFileType = wrapper.cfbundle; includeInIndex = 0; path = GameTwoTests.xctest; sourceTree = BUILT_PRODUCTS_DIR; };
		581B29AB2852301000DFFFD8 /* GameTwoTests.swift */ = {isa = PBXFileReference; lastKnownFileType = sourcecode.swift; path = GameTwoTests.swift; sourceTree = "<group>"; };
		581B29AD2852301000DFFFD8 /* Info.plist */ = {isa = PBXFileReference; lastKnownFileType = text.plist.xml; path = Info.plist; sourceTree = "<group>"; };
		581B29B22852301000DFFFD8 /* GameTwoUITests.xctest */ = {isa = PBXFileReference; explicitFileType = wrapper.cfbundle; includeInIndex = 0; path = GameTwoUITests.xctest; sourceTree = BUILT_PRODUCTS_DIR; };
		581B29B62852301000DFFFD8 /* GameTwoUITests.swift */ = {isa = PBXFileReference; lastKnownFileType = sourcecode.swift; path = GameTwoUITests.swift; sourceTree = "<group>"; };
		581B29B82852301000DFFFD8 /* Info.plist */ = {isa = PBXFileReference; lastKnownFileType = text.plist.xml; path = Info.plist; sourceTree = "<group>"; };
/* End PBXFileReference section */

/* Begin PBXFrameworksBuildPhase section */
		581B298D2852300400DFFFD8 /* Frameworks */ = {
			isa = PBXFrameworksBuildPhase;
			buildActionMask = 2147483647;
			files = (
			);
			runOnlyForDeploymentPostprocessing = 0;
		};
		581B29A42852301000DFFFD8 /* Frameworks */ = {
			isa = PBXFrameworksBuildPhase;
			buildActionMask = 2147483647;
			files = (
			);
			runOnlyForDeploymentPostprocessing = 0;
		};
		581B29AF2852301000DFFFD8 /* Frameworks */ = {
			isa = PBXFrameworksBuildPhase;
			buildActionMask = 2147483647;
			files = (
			);
			runOnlyForDeploymentPostprocessing = 0;
		};
/* End PBXFrameworksBuildPhase section */

/* Begin PBXGroup section */
		581B29872852300400DFFFD8 = {
			isa = PBXGroup;
			children = (
				581B29922852300400DFFFD8 /* GameTwo */,
				581B29AA2852301000DFFFD8 /* GameTwoTests */,
				581B29B52852301000DFFFD8 /* GameTwoUITests */,
				581B29912852300400DFFFD8 /* Products */,
			);
			sourceTree = "<group>";
		};
		581B29912852300400DFFFD8 /* Products */ = {
			isa = PBXGroup;
			children = (
				581B29902852300400DFFFD8 /* GameTwo.app */,
				581B29A72852301000DFFFD8 /* GameTwoTests.xctest */,
				581B29B22852301000DFFFD8 /* GameTwoUITests.xctest */,
			);
			name = Products;
			sourceTree = "<group>";
		};
		581B29922852300400DFFFD8 /* GameTwo */ = {
			isa = PBXGroup;
			children = (
				581B29932852300400DFFFD8 /* AppDelegate.swift */,
				581B29952852300400DFFFD8 /* GameScene.sks */,
				581B29972852300400DFFFD8 /* Actions.sks */,
				581B29992852300400DFFFD8 /* GameScene.swift */,
				581B299B2852300400DFFFD8 /* GameViewController.swift */,
				581B299D2852300400DFFFD8 /* Main.storyboard */,
				581B29A02852301000DFFFD8 /* Assets.xcassets */,
				581B29A22852301000DFFFD8 /* Info.plist */,
			);
			path = GameTwo;
			sourceTree = "<group>";
		};
		581B29AA2852301000DFFFD8 /* GameTwoTests */ = {
			isa = PBXGroup;
			children = (
				581B29AB2852301000DFFFD8 /* GameTwoTests.swift */,
				581B29AD2852301000DFFFD8 /* Info.plist */,
			);
			path = GameTwoTests;
			sourceTree = "<group>";
		};
		581B29B52852301000DFFFD8 /* GameTwoUITests */ = {
			isa = PBXGroup;
			children = (
				581B29B62852301000DFFFD8 /* GameTwoUITests.swift */,
				581B29B82852301000DFFFD8 /* Info.plist */,
			);
			path = GameTwoUITests;
			sourceTree = "<group>";
		};
/* End PBXGroup section */

/* Begin PBXNativeTarget section */
		581B298F2852300400DFFFD8 /* GameTwo */ = {
			isa = PBXNativeTarget;
			buildConfigurationList = 581B29BB2852301000DFFFD8 /* Build configuration list for PBXNativeTarget "GameTwo" */;
			buildPhases = (
				581B298C2852300400DFFFD8 /* Sources */,
				581B298D2852300400DFFFD8 /* Frameworks */,
				581B298E2852300400DFFFD8 /* Resources */,
			);
			buildRules = (
			);
			dependencies = (
			);
			name = GameTwo;
			productName = GameTwo;
			productReference = 581B29902852300400DFFFD8 /* GameTwo.app */;
			productType = "com.apple.product-type.application";
		};
		581B29A62852301000DFFFD8 /* GameTwoTests */ = {
			isa = PBXNativeTarget;
			buildConfigurationList = 581B29BE2852301000DFFFD8 /* Build configuration list for PBXNativeTarget "GameTwoTests" */;
			buildPhases = (
				581B29A32852301000DFFFD8 /* Sources */,
				581B29A42852301000DFFFD8 /* Frameworks */,
				581B29A52852301000DFFFD8 /* Resources */,
			);
			buildRules = (
			);
			dependencies = (
				581B29A92852301000DFFFD8 /* PBXTargetDependency */,
			);
			name = GameTwoTests;
			productName = GameTwoTests;
			productReference = 581B29A72852301000DFFFD8 /* GameTwoTests.xctest */;
			productType = "com.apple.product-type.bundle.unit-test";
		};
		581B29B12852301000DFFFD8 /* GameTwoUITests */ = {
			isa = PBXNativeTarget;
			buildConfigurationList = 581B29C12852301000DFFFD8 /* Build configuration list for PBXNativeTarget "GameTwoUITests" */;
			buildPhases = (
				581B29AE2852301000DFFFD8 /* Sources */,
				581B29AF2852301000DFFFD8 /* Frameworks */,
				581B29B02852301000DFFFD8 /* Resources */,
			);
			buildRules = (
			);
			dependencies = (
				581B29B42852301000DFFFD8 /* PBXTargetDependency */,
			);
			name = GameTwoUITests;
			productName = GameTwoUITests;
			productReference = 581B29B22852301000DFFFD8 /* GameTwoUITests.xctest */;
			productType = "com.apple.product-type.bundle.ui-testing";
		};
/* End PBXNativeTarget section */

/* Begin PBXProject section */
		581B29882852300400DFFFD8 /* Project object */ = {
			isa = PBXProject;
			attributes = {
				LastSwiftUpdateCheck = 1240;
				LastUpgradeCheck = 1240;
				TargetAttributes = {
					581B298F2852300400DFFFD8 = {
						CreatedOnToolsVersion = 12.4;
					};
					581B29A62852301000DFFFD8 = {
						CreatedOnToolsVersion = 12.4;
						TestTargetID = 581B298F2852300400DFFFD8;
					};
					581B29B12852301000DFFFD8 = {
						CreatedOnToolsVersion = 12.4;
						TestTargetID = 581B298F2852300400DFFFD8;
					};
				};
			};
			buildConfigurationList = 581B298B2852300400DFFFD8 /* Build configuration list for PBXProject "GameTwo" */;
			compatibilityVersion = "Xcode 9.3";
			developmentRegion = en;
			hasScannedForEncodings = 0;
			knownRegions = (
				en,
				Base,
			);
			mainGroup = 581B29872852300400DFFFD8;
			productRefGroup = 581B29912852300400DFFFD8 /* Products */;
			projectDirPath = "";
			projectRoot = "";
			targets = (
				581B298F2852300400DFFFD8 /* GameTwo */,
				581B29A62852301000DFFFD8 /* GameTwoTests */,
				581B29B12852301000DFFFD8 /* GameTwoUITests */,
			);
		};
/* End PBXProject section */

/* Begin PBXResourcesBuildPhase section */
		581B298E2852300400DFFFD8 /* Resources */ = {
			isa = PBXResourcesBuildPhase;
			buildActionMask = 2147483647;
			files = (
				581B299F2852300400DFFFD8 /* Main.storyboard in Resources */,
				581B29962852300400DFFFD8 /* GameScene.sks in Resources */,
				581B29A12852301000DFFFD8 /* Assets.xcassets in Resources */,
				581B29982852300400DFFFD8 /* Actions.sks in Resources */,
			);
			runOnlyForDeploymentPostprocessing = 0;
		};
		581B29A52852301000DFFFD8 /* Resources */ = {
			isa = PBXResourcesBuildPhase;
			buildActionMask = 2147483647;
			files = (
			);
			runOnlyForDeploymentPostprocessing = 0;
		};
		581B29B02852301000DFFFD8 /* Resources */ = {
			isa = PBXResourcesBuildPhase;
			buildActionMask = 2147483647;
			files = (
			);
			runOnlyForDeploymentPostprocessing = 0;
		};
/* End PBXResourcesBuildPhase section */

/* Begin PBXSourcesBuildPhase section */
		581B298C2852300400DFFFD8 /* Sources */ = {
			isa = PBXSourcesBuildPhase;
			buildActionMask = 2147483647;
			files = (
				581B299A2852300400DFFFD8 /* GameScene.swift in Sources */,
				581B299C2852300400DFFFD8 /* GameViewController.swift in Sources */,
				581B29942852300400DFFFD8 /* AppDelegate.swift in Sources */,
			);
			runOnlyForDeploymentPostprocessing = 0;
		};
		581B29A32852301000DFFFD8 /* Sources */ = {
			isa = PBXSourcesBuildPhase;
			buildActionMask = 2147483647;
			files = (
				581B29AC2852301000DFFFD8 /* GameTwoTests.swift in Sources */,
			);
			runOnlyForDeploymentPostprocessing = 0;
		};
		581B29AE2852301000DFFFD8 /* Sources */ = {
			isa = PBXSourcesBuildPhase;
			buildActionMask = 2147483647;
			files = (
				581B29B72852301000DFFFD8 /* GameTwoUITests.swift in Sources */,
			);
			runOnlyForDeploymentPostprocessing = 0;
		};
/* End PBXSourcesBuildPhase section */

/* Begin PBXTargetDependency section */
		581B29A92852301000DFFFD8 /* PBXTargetDependency */ = {
			isa = PBXTargetDependency;
			target = 581B298F2852300400DFFFD8 /* GameTwo */;
			targetProxy = 581B29A82852301000DFFFD8 /* PBXContainerItemProxy */;
		};
		581B29B42852301000DFFFD8 /* PBXTargetDependency */ = {
			isa = PBXTargetDependency;
			target = 581B298F2852300400DFFFD8 /* GameTwo */;
			targetProxy = 581B29B32852301000DFFFD8 /* PBXContainerItemProxy */;
		};
/* End PBXTargetDependency section */

/* Begin PBXVariantGroup section */
		581B299D2852300400DFFFD8 /* Main.storyboard */ = {
			isa = PBXVariantGroup;
			children = (
				581B299E2852300400DFFFD8 /* Base */,
			);
			name = Main.storyboard;
			sourceTree = "<group>";
		};
/* End PBXVariantGroup section */

/* Begin XCBuildConfiguration section */
		581B29B92852301000DFFFD8 /* Debug */ = {
			isa = XCBuildConfiguration;
			buildSettings = {
				ALWAYS_SEARCH_USER_PATHS = NO;
				CLANG_ANALYZER_NONNULL = YES;
				CLANG_ANALYZER_NUMBER_OBJECT_CONVERSION = YES_AGGRESSIVE;
				CLANG_CXX_LANGUAGE_STANDARD = "gnu++14";
				CLANG_CXX_LIBRARY = "libc++";
				CLANG_ENABLE_MODULES = YES;
				CLANG_ENABLE_OBJC_ARC = YES;
				CLANG_ENABLE_OBJC_WEAK = YES;
				CLANG_WARN_BLOCK_CAPTURE_AUTORELEASING = YES;
				CLANG_WARN_BOOL_CONVERSION = YES;
				CLANG_WARN_COMMA = YES;
				CLANG_WARN_CONSTANT_CONVERSION = YES;
				CLANG_WARN_DEPRECATED_OBJC_IMPLEMENTATIONS = YES;
				CLANG_WARN_DIRECT_OBJC_ISA_USAGE = YES_ERROR;
				CLANG_WARN_DOCUMENTATION_COMMENTS = YES;
				CLANG_WARN_EMPTY_BODY = YES;
				CLANG_WARN_ENUM_CONVERSION = YES;
				CLANG_WARN_INFINITE_RECURSION = YES;
				CLANG_WARN_INT_CONVERSION = YES;
				CLANG_WARN_NON_LITERAL_NULL_CONVERSION = YES;
				CLANG_WARN_OBJC_IMPLICIT_RETAIN_SELF = YES;
				CLANG_WARN_OBJC_LITERAL_CONVERSION = YES;
				CLANG_WARN_OBJC_ROOT_CLASS = YES_ERROR;
				CLANG_WARN_QUOTED_INCLUDE_IN_FRAMEWORK_HEADER = YES;
				CLANG_WARN_RANGE_LOOP_ANALYSIS = YES;
				CLANG_WARN_STRICT_PROTOTYPES = YES;
				CLANG_WARN_SUSPICIOUS_MOVE = YES;
				CLANG_WARN_UNGUARDED_AVAILABILITY = YES_AGGRESSIVE;
				CLANG_WARN_UNREACHABLE_CODE = YES;
				CLANG_WARN__DUPLICATE_METHOD_MATCH = YES;
				COPY_PHASE_STRIP = NO;
				DEBUG_INFORMATION_FORMAT = dwarf;
				ENABLE_STRICT_OBJC_MSGSEND = YES;
				ENABLE_TESTABILITY = YES;
				GCC_C_LANGUAGE_STANDARD = gnu11;
				GCC_DYNAMIC_NO_PIC = NO;
				GCC_NO_COMMON_BLOCKS = YES;
				GCC_OPTIMIZATION_LEVEL = 0;
				GCC_PREPROCESSOR_DEFINITIONS = (
					"DEBUG=1",
					"$(inherited)",
				);
				GCC_WARN_64_TO_32_BIT_CONVERSION = YES;
				GCC_WARN_ABOUT_RETURN_TYPE = YES_ERROR;
				GCC_WARN_UNDECLARED_SELECTOR = YES;
				GCC_WARN_UNINITIALIZED_AUTOS = YES_AGGRESSIVE;
				GCC_WARN_UNUSED_FUNCTION = YES;
				GCC_WARN_UNUSED_VARIABLE = YES;
				IPHONEOS_DEPLOYMENT_TARGET = 14.4;
				MTL_ENABLE_DEBUG_INFO = INCLUDE_SOURCE;
				MTL_FAST_MATH = YES;
				ONLY_ACTIVE_ARCH = YES;
				SDKROOT = iphoneos;
				SWIFT_ACTIVE_COMPILATION_CONDITIONS = DEBUG;
				SWIFT_OPTIMIZATION_LEVEL = "-Onone";
			};
			name = Debug;
		};
		581B29BA2852301000DFFFD8 /* Release */ = {
			isa = XCBuildConfiguration;
			buildSettings = {
				ALWAYS_SEARCH_USER_PATHS = NO;
				CLANG_ANALYZER_NONNULL = YES;
				CLANG_ANALYZER_NUMBER_OBJECT_CONVERSION = YES_AGGRESSIVE;
				CLANG_CXX_LANGUAGE_STANDARD = "gnu++14";
				CLANG_CXX_LIBRARY = "libc++";
				CLANG_ENABLE_MODULES = YES;
				CLANG_ENABLE_OBJC_ARC = YES;
				CLANG_ENABLE_OBJC_WEAK = YES;
				CLANG_WARN_BLOCK_CAPTURE_AUTORELEASING = YES;
				CLANG_WARN_BOOL_CONVERSION = YES;
				CLANG_WARN_COMMA = YES;
				CLANG_WARN_CONSTANT_CONVERSION = YES;
				CLANG_WARN_DEPRECATED_OBJC_IMPLEMENTATIONS = YES;
				CLANG_WARN_DIRECT_OBJC_ISA_USAGE = YES_ERROR;
				CLANG_WARN_DOCUMENTATION_COMMENTS = YES;
				CLANG_WARN_EMPTY_BODY = YES;
				CLANG_WARN_ENUM_CONVERSION = YES;
				CLANG_WARN_INFINITE_RECURSION = YES;
				CLANG_WARN_INT_CONVERSION = YES;
				CLANG_WARN_NON_LITERAL_NULL_CONVERSION = YES;
				CLANG_WARN_OBJC_IMPLICIT_RETAIN_SELF = YES;
				CLANG_WARN_OBJC_LITERAL_CONVERSION = YES;
				CLANG_WARN_OBJC_ROOT_CLASS = YES_ERROR;
				CLANG_WARN_QUOTED_INCLUDE_IN_FRAMEWORK_HEADER = YES;
				CLANG_WARN_RANGE_LOOP_ANALYSIS = YES;
				CLANG_WARN_STRICT_PROTOTYPES = YES;
				CLANG_WARN_SUSPICIOUS_MOVE = YES;
				CLANG_WARN_UNGUARDED_AVAILABILITY = YES_AGGRESSIVE;
				CLANG_WARN_UNREACHABLE_CODE = YES;
				CLANG_WARN__DUPLICATE_METHOD_MATCH = YES;
				COPY_PHASE_STRIP = NO;
				DEBUG_INFORMATION_FORMAT = "dwarf-with-dsym";
				ENABLE_NS_ASSERTIONS = NO;
				ENABLE_STRICT_OBJC_MSGSEND = YES;
				GCC_C_LANGUAGE_STANDARD = gnu11;
				GCC_NO_COMMON_BLOCKS = YES;
				GCC_WARN_64_TO_32_BIT_CONVERSION = YES;
				GCC_WARN_ABOUT_RETURN_TYPE = YES_ERROR;
				GCC_WARN_UNDECLARED_SELECTOR = YES;
				GCC_WARN_UNINITIALIZED_AUTOS = YES_AGGRESSIVE;
				GCC_WARN_UNUSED_FUNCTION = YES;
				GCC_WARN_UNUSED_VARIABLE = YES;
				IPHONEOS_DEPLOYMENT_TARGET = 14.4;
				MTL_ENABLE_DEBUG_INFO = NO;
				MTL_FAST_MATH = YES;
				SDKROOT = iphoneos;
				SWIFT_COMPILATION_MODE = wholemodule;
				SWIFT_OPTIMIZATION_LEVEL = "-O";
				VALIDATE_PRODUCT = YES;
			};
			name = Release;
		};
		581B29BC2852301000DFFFD8 /* Debug */ = {
			isa = XCBuildConfiguration;
			buildSettings = {
				ASSETCATALOG_COMPILER_APPICON_NAME = AppIcon;
				ASSETCATALOG_COMPILER_GLOBAL_ACCENT_COLOR_NAME = AccentColor;
				CODE_SIGN_STYLE = Automatic;
				INFOPLIST_FILE = GameTwo/Info.plist;
				LD_RUNPATH_SEARCH_PATHS = (
					"$(inherited)",
					"@executable_path/Frameworks",
				);
				PRODUCT_BUNDLE_IDENTIFIER = com.Hoopesapps.GameTwo;
				PRODUCT_NAME = "$(TARGET_NAME)";
				SWIFT_VERSION = 5.0;
				TARGETED_DEVICE_FAMILY = "1,2";
			};
			name = Debug;
		};
		581B29BD2852301000DFFFD8 /* Release */ = {
			isa = XCBuildConfiguration;
			buildSettings = {
				ASSETCATALOG_COMPILER_APPICON_NAME = AppIcon;
				ASSETCATALOG_COMPILER_GLOBAL_ACCENT_COLOR_NAME = AccentColor;
				CODE_SIGN_STYLE = Automatic;
				INFOPLIST_FILE = GameTwo/Info.plist;
				LD_RUNPATH_SEARCH_PATHS = (
					"$(inherited)",
					"@executable_path/Frameworks",
				);
				PRODUCT_BUNDLE_IDENTIFIER = com.Hoopesapps.GameTwo;
				PRODUCT_NAME = "$(TARGET_NAME)";
				SWIFT_VERSION = 5.0;
				TARGETED_DEVICE_FAMILY = "1,2";
			};
			name = Release;
		};
		581B29BF2852301000DFFFD8 /* Debug */ = {
			isa = XCBuildConfiguration;
			buildSettings = {
				ALWAYS_EMBED_SWIFT_STANDARD_LIBRARIES = YES;
				BUNDLE_LOADER = "$(TEST_HOST)";
				CODE_SIGN_STYLE = Automatic;
				INFOPLIST_FILE = GameTwoTests/Info.plist;
				IPHONEOS_DEPLOYMENT_TARGET = 14.4;
				LD_RUNPATH_SEARCH_PATHS = (
					"$(inherited)",
					"@executable_path/Frameworks",
					"@loader_path/Frameworks",
				);
				PRODUCT_BUNDLE_IDENTIFIER = com.Hoopesapps.GameTwoTests;
				PRODUCT_NAME = "$(TARGET_NAME)";
				SWIFT_VERSION = 5.0;
				TARGETED_DEVICE_FAMILY = "1,2";
				TEST_HOST = "$(BUILT_PRODUCTS_DIR)/GameTwo.app/GameTwo";
			};
			name = Debug;
		};
		581B29C02852301000DFFFD8 /* Release */ = {
			isa = XCBuildConfiguration;
			buildSettings = {
				ALWAYS_EMBED_SWIFT_STANDARD_LIBRARIES = YES;
				BUNDLE_LOADER = "$(TEST_HOST)";
				CODE_SIGN_STYLE = Automatic;
				INFOPLIST_FILE = GameTwoTests/Info.plist;
				IPHONEOS_DEPLOYMENT_TARGET = 14.4;
				LD_RUNPATH_SEARCH_PATHS = (
					"$(inherited)",
					"@executable_path/Frameworks",
					"@loader_path/Frameworks",
				);
				PRODUCT_BUNDLE_IDENTIFIER = com.Hoopesapps.GameTwoTests;
				PRODUCT_NAME = "$(TARGET_NAME)";
				SWIFT_VERSION = 5.0;
				TARGETED_DEVICE_FAMILY = "1,2";
				TEST_HOST = "$(BUILT_PRODUCTS_DIR)/GameTwo.app/GameTwo";
			};
			name = Release;
		};
		581B29C22852301000DFFFD8 /* Debug */ = {
			isa = XCBuildConfiguration;
			buildSettings = {
				ALWAYS_EMBED_SWIFT_STANDARD_LIBRARIES = YES;
				CODE_SIGN_STYLE = Automatic;
				INFOPLIST_FILE = GameTwoUITests/Info.plist;
				LD_RUNPATH_SEARCH_PATHS = (
					"$(inherited)",
					"@executable_path/Frameworks",
					"@loader_path/Frameworks",
				);
				PRODUCT_BUNDLE_IDENTIFIER = com.Hoopesapps.GameTwoUITests;
				PRODUCT_NAME = "$(TARGET_NAME)";
				SWIFT_VERSION = 5.0;
				TARGETED_DEVICE_FAMILY = "1,2";
				TEST_TARGET_NAME = GameTwo;
			};
			name = Debug;
		};
		581B29C32852301000DFFFD8 /* Release */ = {
			isa = XCBuildConfiguration;
			buildSettings = {
				ALWAYS_EMBED_SWIFT_STANDARD_LIBRARIES = YES;
				CODE_SIGN_STYLE = Automatic;
				INFOPLIST_FILE = GameTwoUITests/Info.plist;
				LD_RUNPATH_SEARCH_PATHS = (
					"$(inherited)",
					"@executable_path/Frameworks",
					"@loader_path/Frameworks",
				);
				PRODUCT_BUNDLE_IDENTIFIER = com.Hoopesapps.GameTwoUITests;
				PRODUCT_NAME = "$(TARGET_NAME)";
				SWIFT_VERSION = 5.0;
				TARGETED_DEVICE_FAMILY = "1,2";
				TEST_TARGET_NAME = GameTwo;
			};
			name = Release;
		};
/* End XCBuildConfiguration section */

/* Begin XCConfigurationList section */
		581B298B2852300400DFFFD8 /* Build configuration list for PBXProject "GameTwo" */ = {
			isa = XCConfigurationList;
			buildConfigurations = (
				581B29B92852301000DFFFD8 /* Debug */,
				581B29BA2852301000DFFFD8 /* Release */,
			);
			defaultConfigurationIsVisible = 0;
			defaultConfigurationName = Release;
		};
		581B29BB2852301000DFFFD8 /* Build configuration list for PBXNativeTarget "GameTwo" */ = {
			isa = XCConfigurationList;
			buildConfigurations = (
				581B29BC2852301000DFFFD8 /* Debug */,
				581B29BD2852301000DFFFD8 /* Release */,
			);
			defaultConfigurationIsVisible = 0;
			defaultConfigurationName = Release;
		};
		581B29BE2852301000DFFFD8 /* Build configuration list for PBXNativeTarget "GameTwoTests" */ = {
			isa = XCConfigurationList;
			buildConfigurations = (
				581B29BF2852301000DFFFD8 /* Debug */,
				581B29C02852301000DFFFD8 /* Release */,
			);
			defaultConfigurationIsVisible = 0;
			defaultConfigurationName = Release;
		};
		581B29C12852301000DFFFD8 /* Build configuration list for PBXNativeTarget "GameTwoUITests" */ = {
			isa = XCConfigurationList;
			buildConfigurations = (
				581B29C22852301000DFFFD8 /* Debug */,
				581B29C32852301000DFFFD8 /* Release */,
			);
			defaultConfigurationIsVisible = 0;
			defaultConfigurationName = Release;
		};
/* End XCConfigurationList section */
	};
	rootObject = 581B29882852300400DFFFD8 /* Project object */;
}
